
Microsoft Visual Studio Solution File, Format Version 12.00
# Visual Studio Version 17
VisualStudioVersion = 17.5.002.0
MinimumVisualStudioVersion = 10.0.40219.1
Project("{2150E333-8FDC-42A3-9474-1A3956D46DE8}") = "prepare", "prepare", "{36C4802C-5BC2-4F5A-B290-CD16104A6CFD}"
EndProject
Project("{9A19103F-16F7-4668-BE54-9A1E7A4F7556}") = "Learning02", "prepare\Learning02\Learning02.csproj", "{5AC5E060-AC86-47B0-9925-912789066FB7}"
EndProject
Project("{9A19103F-16F7-4668-BE54-9A1E7A4F7556}") = "Learning05", "prepare\Learning05\Learning05.csproj", "{39E1A185-B6A1-46C4-A63D-D2544A033F16}"
EndProject
Project("{9A19103F-16F7-4668-BE54-9A1E7A4F7556}") = "Learning04", "prepare\Learning04\Learning04.csproj", "{36547A5D-C75A-43CB-874E-72F75FBF515C}"
EndProject
Project("{9A19103F-16F7-4668-BE54-9A1E7A4F7556}") = "Learning03", "prepare\Learning03\Learning03.csproj", "{A1F0172D-05FF-4877-BD43-A56EE504F03D}"
EndProject
Project("{2150E333-8FDC-42A3-9474-1A3956D46DE8}") = "prove", "prove", "{DCEBDBF2-07A6-4EAF-9C23-FEDBBE616EAA}"
EndProject
Project("{9A19103F-16F7-4668-BE54-9A1E7A4F7556}") = "Develop03", "prove\Develop03\Develop03.csproj", "{62ADB05E-5F87-4542-A216-C1CA2FA4DE91}"
EndProject
Project("{9A19103F-16F7-4668-BE54-9A1E7A4F7556}") = "Develop04", "prove\Develop04\Develop04.csproj", "{F8250178-7E3D-4D16-A5BC-61AA3217F60B}"
EndProject
Project("{9A19103F-16F7-4668-BE54-9A1E7A4F7556}") = "Develop05", "prove\Develop05\Develop05.csproj", "{EFEF06F8-2BA5-4F0F-A46C-224A9D48C8D3}"
EndProject
Project("{9A19103F-16F7-4668-BE54-9A1E7A4F7556}") = "Develop02", "prove\Develop02\Develop02.csproj", "{77CB26F0-8965-4ADD-98F6-F3A49B819798}"
EndProject
Project("{2150E333-8FDC-42A3-9474-1A3956D46DE8}") = "sandbox", "sandbox", "{A5848A6D-499E-4B17-B87D-C65769A3076C}"
EndProject
Project("{9A19103F-16F7-4668-BE54-9A1E7A4F7556}") = "Sandbox", "sandbox\Sandbox\Sandbox.csproj", "{E054FCF5-94D7-44ED-B57A-CE466F21F1FE}"
EndProject
Project("{2150E333-8FDC-42A3-9474-1A3956D46DE8}") = "final", "final", "{DCAEFE80-5EEF-4A58-86E3-EE5471525D4A}"
EndProject
Project("{9A19103F-16F7-4668-BE54-9A1E7A4F7556}") = "FinalProject", "final\FinalProject\FinalProject.csproj", "{5896900F-72D9-4CCF-9EFC-153E0F5012FE}"
EndProject
Project("{9A19103F-16F7-4668-BE54-9A1E7A4F7556}") = "Foundation1", "final\Foundation1\Foundation1.csproj", "{82D801DF-E988-41F2-9743-3012B5C9CDD3}"
EndProject
Project("{9A19103F-16F7-4668-BE54-9A1E7A4F7556}") = "Foundation4", "final\Foundation4\Foundation4.csproj", "{0708196B-61B7-4140-94D9-6578BE996472}"
EndProject
Project("{9A19103F-16F7-4668-BE54-9A1E7A4F7556}") = "Foundation3", "final\Foundation3\Foundation3.csproj", "{988D9933-A520-4A86-A661-8951AF790C6C}"
EndProject
Project("{9A19103F-16F7-4668-BE54-9A1E7A4F7556}") = "Foundation2", "final\Foundation2\Foundation2.csproj", "{2EAA7CBA-DD9E-4880-9C32-3CB052FA0292}"
EndProject
Project("{2150E333-8FDC-42A3-9474-1A3956D46DE8}") = "csharp-prep", "csharp-prep", "{EA71AC07-8976-4B5A-B196-B363740914A7}"
EndProject
Project("{9A19103F-16F7-4668-BE54-9A1E7A4F7556}") = "Prep1", "csharp-prep\Prep1\Prep1.csproj", "{21BB12AF-A04D-4287-90F0-52E5DEC0EF8C}"
EndProject
Project("{9A19103F-16F7-4668-BE54-9A1E7A4F7556}") = "Prep5", "csharp-prep\Prep5\Prep5.csproj", "{A14F6FC9-A67C-4318-A198-0B60148DDF25}"
EndProject
Project("{9A19103F-16F7-4668-BE54-9A1E7A4F7556}") = "Prep2", "csharp-prep\Prep2\Prep2.csproj", "{475719AA-5789-487E-8C97-63AA1E4B8C4C}"
EndProject
Project("{9A19103F-16F7-4668-BE54-9A1E7A4F7556}") = "Prep3", "csharp-prep\Prep3\Prep3.csproj", "{B53358E7-BA00-4D0C-B5D9-D40A3E5D1933}"
EndProject
Project("{9A19103F-16F7-4668-BE54-9A1E7A4F7556}") = "Prep4", "csharp-prep\Prep4\Prep4.csproj", "{C9483983-F6AF-4C63-B518-A270031E4F2E}"
EndProject
Global
	GlobalSection(SolutionConfigurationPlatforms) = preSolution
		Debug|Any CPU = Debug|Any CPU
		Release|Any CPU = Release|Any CPU
	EndGlobalSection
	GlobalSection(ProjectConfigurationPlatforms) = postSolution
		{5AC5E060-AC86-47B0-9925-912789066FB7}.Debug|Any CPU.ActiveCfg = Debug|Any CPU
		{5AC5E060-AC86-47B0-9925-912789066FB7}.Debug|Any CPU.Build.0 = Debug|Any CPU
		{5AC5E060-AC86-47B0-9925-912789066FB7}.Release|Any CPU.ActiveCfg = Release|Any CPU
		{5AC5E060-AC86-47B0-9925-912789066FB7}.Release|Any CPU.Build.0 = Release|Any CPU
		{39E1A185-B6A1-46C4-A63D-D2544A033F16}.Debug|Any CPU.ActiveCfg = Debug|Any CPU
		{39E1A185-B6A1-46C4-A63D-D2544A033F16}.Debug|Any CPU.Build.0 = Debug|Any CPU
		{39E1A185-B6A1-46C4-A63D-D2544A033F16}.Release|Any CPU.ActiveCfg = Release|Any CPU
		{39E1A185-B6A1-46C4-A63D-D2544A033F16}.Release|Any CPU.Build.0 = Release|Any CPU
		{36547A5D-C75A-43CB-874E-72F75FBF515C}.Debug|Any CPU.ActiveCfg = Debug|Any CPU
		{36547A5D-C75A-43CB-874E-72F75FBF515C}.Debug|Any CPU.Build.0 = Debug|Any CPU
		{36547A5D-C75A-43CB-874E-72F75FBF515C}.Release|Any CPU.ActiveCfg = Release|Any CPU
		{36547A5D-C75A-43CB-874E-72F75FBF515C}.Release|Any CPU.Build.0 = Release|Any CPU
		{A1F0172D-05FF-4877-BD43-A56EE504F03D}.Debug|Any CPU.ActiveCfg = Debug|Any CPU
		{A1F0172D-05FF-4877-BD43-A56EE504F03D}.Debug|Any CPU.Build.0 = Debug|Any CPU
		{A1F0172D-05FF-4877-BD43-A56EE504F03D}.Release|Any CPU.ActiveCfg = Release|Any CPU
		{A1F0172D-05FF-4877-BD43-A56EE504F03D}.Release|Any CPU.Build.0 = Release|Any CPU
		{62ADB05E-5F87-4542-A216-C1CA2FA4DE91}.Debug|Any CPU.ActiveCfg = Debug|Any CPU
		{62ADB05E-5F87-4542-A216-C1CA2FA4DE91}.Debug|Any CPU.Build.0 = Debug|Any CPU
		{62ADB05E-5F87-4542-A216-C1CA2FA4DE91}.Release|Any CPU.ActiveCfg = Release|Any CPU
		{62ADB05E-5F87-4542-A216-C1CA2FA4DE91}.Release|Any CPU.Build.0 = Release|Any CPU
		{F8250178-7E3D-4D16-A5BC-61AA3217F60B}.Debug|Any CPU.ActiveCfg = Debug|Any CPU
		{F8250178-7E3D-4D16-A5BC-61AA3217F60B}.Debug|Any CPU.Build.0 = Debug|Any CPU
		{F8250178-7E3D-4D16-A5BC-61AA3217F60B}.Release|Any CPU.ActiveCfg = Release|Any CPU
		{F8250178-7E3D-4D16-A5BC-61AA3217F60B}.Release|Any CPU.Build.0 = Release|Any CPU
		{EFEF06F8-2BA5-4F0F-A46C-224A9D48C8D3}.Debug|Any CPU.ActiveCfg = Debug|Any CPU
		{EFEF06F8-2BA5-4F0F-A46C-224A9D48C8D3}.Debug|Any CPU.Build.0 = Debug|Any CPU
		{EFEF06F8-2BA5-4F0F-A46C-224A9D48C8D3}.Release|Any CPU.ActiveCfg = Release|Any CPU
		{EFEF06F8-2BA5-4F0F-A46C-224A9D48C8D3}.Release|Any CPU.Build.0 = Release|Any CPU
		{77CB26F0-8965-4ADD-98F6-F3A49B819798}.Debug|Any CPU.ActiveCfg = Debug|Any CPU
		{77CB26F0-8965-4ADD-98F6-F3A49B819798}.Debug|Any CPU.Build.0 = Debug|Any CPU
		{77CB26F0-8965-4ADD-98F6-F3A49B819798}.Release|Any CPU.ActiveCfg = Release|Any CPU
		{77CB26F0-8965-4ADD-98F6-F3A49B819798}.Release|Any CPU.Build.0 = Release|Any CPU
		{E054FCF5-94D7-44ED-B57A-CE466F21F1FE}.Debug|Any CPU.ActiveCfg = Debug|Any CPU
		{E054FCF5-94D7-44ED-B57A-CE466F21F1FE}.Debug|Any CPU.Build.0 = Debug|Any CPU
		{E054FCF5-94D7-44ED-B57A-CE466F21F1FE}.Release|Any CPU.ActiveCfg = Release|Any CPU
		{E054FCF5-94D7-44ED-B57A-CE466F21F1FE}.Release|Any CPU.Build.0 = Release|Any CPU
		{5896900F-72D9-4CCF-9EFC-153E0F5012FE}.Debug|Any CPU.ActiveCfg = Debug|Any CPU
		{5896900F-72D9-4CCF-9EFC-153E0F5012FE}.Debug|Any CPU.Build.0 = Debug|Any CPU
		{5896900F-72D9-4CCF-9EFC-153E0F5012FE}.Release|Any CPU.ActiveCfg = Release|Any CPU
		{5896900F-72D9-4CCF-9EFC-153E0F5012FE}.Release|Any CPU.Build.0 = Release|Any CPU
		{82D801DF-E988-41F2-9743-3012B5C9CDD3}.Debug|Any CPU.ActiveCfg = Debug|Any CPU
		{82D801DF-E988-41F2-9743-3012B5C9CDD3}.Debug|Any CPU.Build.0 = Debug|Any CPU
		{82D801DF-E988-41F2-9743-3012B5C9CDD3}.Release|Any CPU.ActiveCfg = Release|Any CPU
		{82D801DF-E988-41F2-9743-3012B5C9CDD3}.Release|Any CPU.Build.0 = Release|Any CPU
		{0708196B-61B7-4140-94D9-6578BE996472}.Debug|Any CPU.ActiveCfg = Debug|Any CPU
		{0708196B-61B7-4140-94D9-6578BE996472}.Debug|Any CPU.Build.0 = Debug|Any CPU
		{0708196B-61B7-4140-94D9-6578BE996472}.Release|Any CPU.ActiveCfg = Release|Any CPU
		{0708196B-61B7-4140-94D9-6578BE996472}.Release|Any CPU.Build.0 = Release|Any CPU
		{988D9933-A520-4A86-A661-8951AF790C6C}.Debug|Any CPU.ActiveCfg = Debug|Any CPU
		{988D9933-A520-4A86-A661-8951AF790C6C}.Debug|Any CPU.Build.0 = Debug|Any CPU
		{988D9933-A520-4A86-A661-8951AF790C6C}.Release|Any CPU.ActiveCfg = Release|Any CPU
		{988D9933-A520-4A86-A661-8951AF790C6C}.Release|Any CPU.Build.0 = Release|Any CPU
		{2EAA7CBA-DD9E-4880-9C32-3CB052FA0292}.Debug|Any CPU.ActiveCfg = Debug|Any CPU
		{2EAA7CBA-DD9E-4880-9C32-3CB052FA0292}.Debug|Any CPU.Build.0 = Debug|Any CPU
		{2EAA7CBA-DD9E-4880-9C32-3CB052FA0292}.Release|Any CPU.ActiveCfg = Release|Any CPU
		{2EAA7CBA-DD9E-4880-9C32-3CB052FA0292}.Release|Any CPU.Build.0 = Release|Any CPU
		{21BB12AF-A04D-4287-90F0-52E5DEC0EF8C}.Debug|Any CPU.ActiveCfg = Debug|Any CPU
		{21BB12AF-A04D-4287-90F0-52E5DEC0EF8C}.Debug|Any CPU.Build.0 = Debug|Any CPU
		{21BB12AF-A04D-4287-90F0-52E5DEC0EF8C}.Release|Any CPU.ActiveCfg = Release|Any CPU
		{21BB12AF-A04D-4287-90F0-52E5DEC0EF8C}.Release|Any CPU.Build.0 = Release|Any CPU
		{A14F6FC9-A67C-4318-A198-0B60148DDF25}.Debug|Any CPU.ActiveCfg = Debug|Any CPU
		{A14F6FC9-A67C-4318-A198-0B60148DDF25}.Debug|Any CPU.Build.0 = Debug|Any CPU
		{A14F6FC9-A67C-4318-A198-0B60148DDF25}.Release|Any CPU.ActiveCfg = Release|Any CPU
		{A14F6FC9-A67C-4318-A198-0B60148DDF25}.Release|Any CPU.Build.0 = Release|Any CPU
		{475719AA-5789-487E-8C97-63AA1E4B8C4C}.Debug|Any CPU.ActiveCfg = Debug|Any CPU
		{475719AA-5789-487E-8C97-63AA1E4B8C4C}.Debug|Any CPU.Build.0 = Debug|Any CPU
		{475719AA-5789-487E-8C97-63AA1E4B8C4C}.Release|Any CPU.ActiveCfg = Release|Any CPU
		{475719AA-5789-487E-8C97-63AA1E4B8C4C}.Release|Any CPU.Build.0 = Release|Any CPU
		{B53358E7-BA00-4D0C-B5D9-D40A3E5D1933}.Debug|Any CPU.ActiveCfg = Debug|Any CPU
		{B53358E7-BA00-4D0C-B5D9-D40A3E5D1933}.Debug|Any CPU.Build.0 = Debug|Any CPU
		{B53358E7-BA00-4D0C-B5D9-D40A3E5D1933}.Release|Any CPU.ActiveCfg = Release|Any CPU
		{B53358E7-BA00-4D0C-B5D9-D40A3E5D1933}.Release|Any CPU.Build.0 = Release|Any CPU
		{C9483983-F6AF-4C63-B518-A270031E4F2E}.Debug|Any CPU.ActiveCfg = Debug|Any CPU
		{C9483983-F6AF-4C63-B518-A270031E4F2E}.Debug|Any CPU.Build.0 = Debug|Any CPU
		{C9483983-F6AF-4C63-B518-A270031E4F2E}.Release|Any CPU.ActiveCfg = Release|Any CPU
		{C9483983-F6AF-4C63-B518-A270031E4F2E}.Release|Any CPU.Build.0 = Release|Any CPU
	EndGlobalSection
	GlobalSection(SolutionProperties) = preSolution
		HideSolutionNode = FALSE
	EndGlobalSection
	GlobalSection(NestedProjects) = preSolution
		{5AC5E060-AC86-47B0-9925-912789066FB7} = {36C4802C-5BC2-4F5A-B290-CD16104A6CFD}
		{39E1A185-B6A1-46C4-A63D-D2544A033F16} = {36C4802C-5BC2-4F5A-B290-CD16104A6CFD}
		{36547A5D-C75A-43CB-874E-72F75FBF515C} = {36C4802C-5BC2-4F5A-B290-CD16104A6CFD}
		{A1F0172D-05FF-4877-BD43-A56EE504F03D} = {36C4802C-5BC2-4F5A-B290-CD16104A6CFD}
		{62ADB05E-5F87-4542-A216-C1CA2FA4DE91} = {DCEBDBF2-07A6-4EAF-9C23-FEDBBE616EAA}
		{F8250178-7E3D-4D16-A5BC-61AA3217F60B} = {DCEBDBF2-07A6-4EAF-9C23-FEDBBE616EAA}
		{EFEF06F8-2BA5-4F0F-A46C-224A9D48C8D3} = {DCEBDBF2-07A6-4EAF-9C23-FEDBBE616EAA}
		{77CB26F0-8965-4ADD-98F6-F3A49B819798} = {DCEBDBF2-07A6-4EAF-9C23-FEDBBE616EAA}
		{E054FCF5-94D7-44ED-B57A-CE466F21F1FE} = {A5848A6D-499E-4B17-B87D-C65769A3076C}
		{5896900F-72D9-4CCF-9EFC-153E0F5012FE} = {DCAEFE80-5EEF-4A58-86E3-EE5471525D4A}
		{82D801DF-E988-41F2-9743-3012B5C9CDD3} = {DCAEFE80-5EEF-4A58-86E3-EE5471525D4A}
		{0708196B-61B7-4140-94D9-6578BE996472} = {DCAEFE80-5EEF-4A58-86E3-EE5471525D4A}
		{988D9933-A520-4A86-A661-8951AF790C6C} = {DCAEFE80-5EEF-4A58-86E3-EE5471525D4A}
		{2EAA7CBA-DD9E-4880-9C32-3CB052FA0292} = {DCAEFE80-5EEF-4A58-86E3-EE5471525D4A}
		{21BB12AF-A04D-4287-90F0-52E5DEC0EF8C} = {EA71AC07-8976-4B5A-B196-B363740914A7}
		{A14F6FC9-A67C-4318-A198-0B60148DDF25} = {EA71AC07-8976-4B5A-B196-B363740914A7}
		{475719AA-5789-487E-8C97-63AA1E4B8C4C} = {EA71AC07-8976-4B5A-B196-B363740914A7}
		{B53358E7-BA00-4D0C-B5D9-D40A3E5D1933} = {EA71AC07-8976-4B5A-B196-B363740914A7}
		{C9483983-F6AF-4C63-B518-A270031E4F2E} = {EA71AC07-8976-4B5A-B196-B363740914A7}
	EndGlobalSection
	GlobalSection(ExtensibilityGlobals) = postSolution
		SolutionGuid = {8E58C0E8-91F8-4F23-A633-851F2DDEEDD0}
	EndGlobalSection
EndGlobal
